
Microsoft Visual Studio Solution File, Format Version 10.00
# Visual Studio 2008
Project("{8BC9CEB8-8B4A-11D0-8D11-00A0C91BC942}") = "dsl-pa", "dsl-pa.vcproj", "{25DEDF2E-5D57-4D1F-A3AA-1867591DDAB3}"
EndProject
Global
	GlobalSection(SolutionConfigurationPlatforms) = preSolution
		Debug|Win32 = Debug|Win32
		Release|Win32 = Release|Win32
	EndGlobalSection
	GlobalSection(ProjectConfigurationPlatforms) = postSolution
		{25DEDF2E-5D57-4D1F-A3AA-1867591DDAB3}.Debug|Win32.ActiveCfg = Debug|Win32
		{25DEDF2E-5D57-4D1F-A3AA-1867591DDAB3}.Debug|Win32.Build.0 = Debug|Win32
		{25DEDF2E-5D57-4D1F-A3AA-1867591DDAB3}.Release|Win32.ActiveCfg = Release|Win32
		{25DEDF2E-5D57-4D1F-A3AA-1867591DDAB3}.Release|Win32.Build.0 = Release|Win32
	EndGlobalSection
	GlobalSection(SolutionProperties) = preSolution
		HideSolutionNode = FALSE
	EndGlobalSection
EndGlobal
